Microsoft Visual Studio Solution File, Format Version 11.00
# Visual Studio 2008

Project("{DEDA5EE0-04EB-2899-5ED9-7BF5CD7C33EF}") = "Stage Selector", "Assembly-CSharp.csproj", "{BFECDD3E-2743-C90F-3D75-43DBF1F43F2E}"
EndProject
Global
	GlobalSection(SolutionConfigurationPlatforms) = preSolution
		Debug|Any CPU = Debug|Any CPU
		Release|Any CPU = Release|Any CPU
	EndGlobalSection
	GlobalSection(ProjectConfigurationPlatforms) = postSolution
		{BFECDD3E-2743-C90F-3D75-43DBF1F43F2E}.Debug|Any CPU.ActiveCfg = Debug|Any CPU
		{BFECDD3E-2743-C90F-3D75-43DBF1F43F2E}.Debug|Any CPU.Build.0 = Debug|Any CPU
		{BFECDD3E-2743-C90F-3D75-43DBF1F43F2E}.Release|Any CPU.ActiveCfg = Release|Any CPU
		{BFECDD3E-2743-C90F-3D75-43DBF1F43F2E}.Release|Any CPU.Build.0 = Release|Any CPU
	EndGlobalSection
	GlobalSection(SolutionProperties) = preSolution
		HideSolutionNode = FALSE
	EndGlobalSection
	GlobalSection(MonoDevelopProperties) = preSolution
		StartupItem = Assembly-CSharp.csproj
	EndGlobalSection
EndGlobal
